// !$*UTF8*$!
{
	archiveVersion = 1;
	classes = {
	};
	objectVersion = 50;
	objects = {

/* Begin PBXBuildFile section */
		2D482AD2217C796100014225 /* AppDelegate.swift in Sources */ = {isa = PBXBuildFile; fileRef = 2D482AD1217C796100014225 /* AppDelegate.swift */; };
		2D482AD4217C796100014225 /* ViewController.swift in Sources */ = {isa = PBXBuildFile; fileRef = 2D482AD3217C796100014225 /* ViewController.swift */; };
		2D482AD7217C796100014225 /* Main.storyboard in Resources */ = {isa = PBXBuildFile; fileRef = 2D482AD5217C796100014225 /* Main.storyboard */; };
		2D482AD9217C796300014225 /* Assets.xcassets in Resources */ = {isa = PBXBuildFile; fileRef = 2D482AD8217C796300014225 /* Assets.xcassets */; };
		2D482ADC217C796300014225 /* LaunchScreen.storyboard in Resources */ = {isa = PBXBuildFile; fileRef = 2D482ADA217C796300014225 /* LaunchScreen.storyboard */; };
		2D482AE7217C796300014225 /* SkeletonDemoTests.swift in Sources */ = {isa = PBXBuildFile; fileRef = 2D482AE6217C796300014225 /* SkeletonDemoTests.swift */; };
		2D482AF2217C796300014225 /* SkeletonDemoUITests.swift in Sources */ = {isa = PBXBuildFile; fileRef = 2D482AF1217C796300014225 /* SkeletonDemoUITests.swift */; };
		2D482B00217C7AD300014225 /* HeadView.swift in Sources */ = {isa = PBXBuildFile; fileRef = 2D482AFF217C7AD300014225 /* HeadView.swift */; };
		2D482B02217C7AE700014225 /* MyTableViewCell.swift in Sources */ = {isa = PBXBuildFile; fileRef = 2D482B01217C7AE700014225 /* MyTableViewCell.swift */; };
		F5E584F453D656098DD8BA84 /* libPods-SkeletonDemo.a in Frameworks */ = {isa = PBXBuildFile; fileRef = D177E7FECC74473DE7446C36 /* libPods-SkeletonDemo.a */; };
/* End PBXBuildFile section */

/* Begin PBXContainerItemProxy section */
		2D482AE3217C796300014225 /* PBXContainerItemProxy */ = {
			isa = PBXContainerItemProxy;
			containerPortal = 2D482AC6217C796000014225 /* Project object */;
			proxyType = 1;
			remoteGlobalIDString = 2D482ACD217C796000014225;
			remoteInfo = SkeletonDemo;
		};
		2D482AEE217C796300014225 /* PBXContainerItemProxy */ = {
			isa = PBXContainerItemProxy;
			containerPortal = 2D482AC6217C796000014225 /* Project object */;
			proxyType = 1;
			remoteGlobalIDString = 2D482ACD217C796000014225;
			remoteInfo = SkeletonDemo;
		};
/* End PBXContainerItemProxy section */

/* Begin PBXFileReference section */
		2D482ACE217C796100014225 /* SkeletonDemo.app */ = {isa = PBXFileReference; explicitFileType = wrapper.application; includeInIndex = 0; path = SkeletonDemo.app; sourceTree = BUILT_PRODUCTS_DIR; };
		2D482AD1217C796100014225 /* AppDelegate.swift */ = {isa = PBXFileReference; lastKnownFileType = sourcecode.swift; path = AppDelegate.swift; sourceTree = "<group>"; };
		2D482AD3217C796100014225 /* ViewController.swift */ = {isa = PBXFileReference; lastKnownFileType = sourcecode.swift; path = ViewController.swift; sourceTree = "<group>"; };
		2D482AD6217C796100014225 /* Base */ = {isa = PBXFileReference; lastKnownFileType = file.storyboard; name = Base; path = Base.lproj/Main.storyboard; sourceTree = "<group>"; };
		2D482AD8217C796300014225 /* Assets.xcassets */ = {isa = PBXFileReference; lastKnownFileType = folder.assetcatalog; path = Assets.xcassets; sourceTree = "<group>"; };
		2D482ADB217C796300014225 /* Base */ = {isa = PBXFileReference; lastKnownFileType = file.storyboard; name = Base; path = Base.lproj/LaunchScreen.storyboard; sourceTree = "<group>"; };
		2D482ADD217C796300014225 /* Info.plist */ = {isa = PBXFileReference; lastKnownFileType = text.plist.xml; path = Info.plist; sourceTree = "<group>"; };
		2D482AE2217C796300014225 /* SkeletonDemoTests.xctest */ = {isa = PBXFileReference; explicitFileType = wrapper.cfbundle; includeInIndex = 0; path = SkeletonDemoTests.xctest; sourceTree = BUILT_PRODUCTS_DIR; };
		2D482AE6217C796300014225 /* SkeletonDemoTests.swift */ = {isa = PBXFileReference; lastKnownFileType = sourcecode.swift; path = SkeletonDemoTests.swift; sourceTree = "<group>"; };
		2D482AE8217C796300014225 /* Info.plist */ = {isa = PBXFileReference; lastKnownFileType = text.plist.xml; path = Info.plist; sourceTree = "<group>"; };
		2D482AED217C796300014225 /* SkeletonDemoUITests.xctest */ = {isa = PBXFileReference; explicitFileType = wrapper.cfbundle; includeInIndex = 0; path = SkeletonDemoUITests.xctest; sourceTree = BUILT_PRODUCTS_DIR; };
		2D482AF1217C796300014225 /* SkeletonDemoUITests.swift */ = {isa = PBXFileReference; lastKnownFileType = sourcecode.swift; path = SkeletonDemoUITests.swift; sourceTree = "<group>"; };
		2D482AF3217C796300014225 /* Info.plist */ = {isa = PBXFileReference; lastKnownFileType = text.plist.xml; path = Info.plist; sourceTree = "<group>"; };
		2D482AFF217C7AD300014225 /* HeadView.swift */ = {isa = PBXFileReference; lastKnownFileType = sourcecode.swift; path = HeadView.swift; sourceTree = "<group>"; };
		2D482B01217C7AE700014225 /* MyTableViewCell.swift */ = {isa = PBXFileReference; lastKnownFileType = sourcecode.swift; path = MyTableViewCell.swift; sourceTree = "<group>"; };
		BAA92E972CDF61B98E1C0134 /* Pods-SkeletonDemo.release.xcconfig */ = {isa = PBXFileReference; includeInIndex = 1; lastKnownFileType = text.xcconfig; name = "Pods-SkeletonDemo.release.xcconfig"; path = "Pods/Target Support Files/Pods-SkeletonDemo/Pods-SkeletonDemo.release.xcconfig"; sourceTree = "<group>"; };
		D177E7FECC74473DE7446C36 /* libPods-SkeletonDemo.a */ = {isa = PBXFileReference; explicitFileType = archive.ar; includeInIndex = 0; path = "libPods-SkeletonDemo.a"; sourceTree = BUILT_PRODUCTS_DIR; };
		EF0A33FBC292766099E0540D /* Pods-SkeletonDemo.debug.xcconfig */ = {isa = PBXFileReference; includeInIndex = 1; lastKnownFileType = text.xcconfig; name = "Pods-SkeletonDemo.debug.xcconfig"; path = "Pods/Target Support Files/Pods-SkeletonDemo/Pods-SkeletonDemo.debug.xcconfig"; sourceTree = "<group>"; };
/* End PBXFileReference section */

/* Begin PBXFrameworksBuildPhase section */
		2D482ACB217C796000014225 /* Frameworks */ = {
			isa = PBXFrameworksBuildPhase;
			buildActionMask = 2147483647;
			files = (
				F5E584F453D656098DD8BA84 /* libPods-SkeletonDemo.a in Frameworks */,
			);
			runOnlyForDeploymentPostprocessing = 0;
		};
		2D482ADF217C796300014225 /* Frameworks */ = {
			isa = PBXFrameworksBuildPhase;
			buildActionMask = 2147483647;
			files = (
			);
			runOnlyForDeploymentPostprocessing = 0;
		};
		2D482AEA217C796300014225 /* Frameworks */ = {
			isa = PBXFrameworksBuildPhase;
			buildActionMask = 2147483647;
			files = (
			);
			runOnlyForDeploymentPostprocessing = 0;
		};
/* End PBXFrameworksBuildPhase section */

/* Begin PBXGroup section */
		2D482AC5217C796000014225 = {
			isa = PBXGroup;
			children = (
				2D482AD0217C796100014225 /* SkeletonDemo */,
				2D482AE5217C796300014225 /* SkeletonDemoTests */,
				2D482AF0217C796300014225 /* SkeletonDemoUITests */,
				2D482ACF217C796100014225 /* Products */,
				85498F1450396DBA1BB87E92 /* Pods */,
				DDA7C03AE8750985D81CEF1C /* Frameworks */,
			);
			sourceTree = "<group>";
		};
		2D482ACF217C796100014225 /* Products */ = {
			isa = PBXGroup;
			children = (
				2D482ACE217C796100014225 /* SkeletonDemo.app */,
				2D482AE2217C796300014225 /* SkeletonDemoTests.xctest */,
				2D482AED217C796300014225 /* SkeletonDemoUITests.xctest */,
			);
			name = Products;
			sourceTree = "<group>";
		};
		2D482AD0217C796100014225 /* SkeletonDemo */ = {
			isa = PBXGroup;
			children = (
				2D482AD1217C796100014225 /* AppDelegate.swift */,
				2D482AD3217C796100014225 /* ViewController.swift */,
				2D482AFF217C7AD300014225 /* HeadView.swift */,
				2D482B01217C7AE700014225 /* MyTableViewCell.swift */,
				2D482AD5217C796100014225 /* Main.storyboard */,
				2D482AD8217C796300014225 /* Assets.xcassets */,
				2D482ADA217C796300014225 /* LaunchScreen.storyboard */,
				2D482ADD217C796300014225 /* Info.plist */,
			);
			path = SkeletonDemo;
			sourceTree = "<group>";
		};
		2D482AE5217C796300014225 /* SkeletonDemoTests */ = {
			isa = PBXGroup;
			children = (
				2D482AE6217C796300014225 /* SkeletonDemoTests.swift */,
				2D482AE8217C796300014225 /* Info.plist */,
			);
			path = SkeletonDemoTests;
			sourceTree = "<group>";
		};
		2D482AF0217C796300014225 /* SkeletonDemoUITests */ = {
			isa = PBXGroup;
			children = (
				2D482AF1217C796300014225 /* SkeletonDemoUITests.swift */,
				2D482AF3217C796300014225 /* Info.plist */,
			);
			path = SkeletonDemoUITests;
			sourceTree = "<group>";
		};
		85498F1450396DBA1BB87E92 /* Pods */ = {
			isa = PBXGroup;
			children = (
				EF0A33FBC292766099E0540D /* Pods-SkeletonDemo.debug.xcconfig */,
				BAA92E972CDF61B98E1C0134 /* Pods-SkeletonDemo.release.xcconfig */,
			);
			name = Pods;
			sourceTree = "<group>";
		};
		DDA7C03AE8750985D81CEF1C /* Frameworks */ = {
			isa = PBXGroup;
			children = (
				D177E7FECC74473DE7446C36 /* libPods-SkeletonDemo.a */,
			);
			name = Frameworks;
			sourceTree = "<group>";
		};
/* End PBXGroup section */

/* Begin PBXNativeTarget section */
		2D482ACD217C796000014225 /* SkeletonDemo */ = {
			isa = PBXNativeTarget;
			buildConfigurationList = 2D482AF6217C796300014225 /* Build configuration list for PBXNativeTarget "SkeletonDemo" */;
			buildPhases = (
				34889A0A23BEC709E58A4E0B /* [CP] Check Pods Manifest.lock */,
				2D482ACA217C796000014225 /* Sources */,
				2D482ACB217C796000014225 /* Frameworks */,
				2D482ACC217C796000014225 /* Resources */,
			);
			buildRules = (
			);
			dependencies = (
			);
			name = SkeletonDemo;
			productName = SkeletonDemo;
			productReference = 2D482ACE217C796100014225 /* SkeletonDemo.app */;
			productType = "com.apple.product-type.application";
		};
		2D482AE1217C796300014225 /* SkeletonDemoTests */ = {
			isa = PBXNativeTarget;
			buildConfigurationList = 2D482AF9217C796300014225 /* Build configuration list for PBXNativeTarget "SkeletonDemoTests" */;
			buildPhases = (
				2D482ADE217C796300014225 /* Sources */,
				2D482ADF217C796300014225 /* Frameworks */,
				2D482AE0217C796300014225 /* Resources */,
			);
			buildRules = (
			);
			dependencies = (
				2D482AE4217C796300014225 /* PBXTargetDependency */,
			);
			name = SkeletonDemoTests;
			productName = SkeletonDemoTests;
			productReference = 2D482AE2217C796300014225 /* SkeletonDemoTests.xctest */;
			productType = "com.apple.product-type.bundle.unit-test";
		};
		2D482AEC217C796300014225 /* SkeletonDemoUITests */ = {
			isa = PBXNativeTarget;
			buildConfigurationList = 2D482AFC217C796300014225 /* Build configuration list for PBXNativeTarget "SkeletonDemoUITests" */;
			buildPhases = (
				2D482AE9217C796300014225 /* Sources */,
				2D482AEA217C796300014225 /* Frameworks */,
				2D482AEB217C796300014225 /* Resources */,
			);
			buildRules = (
			);
			dependencies = (
				2D482AEF217C796300014225 /* PBXTargetDependency */,
			);
			name = SkeletonDemoUITests;
			productName = SkeletonDemoUITests;
			productReference = 2D482AED217C796300014225 /* SkeletonDemoUITests.xctest */;
			productType = "com.apple.product-type.bundle.ui-testing";
		};
/* End PBXNativeTarget section */

/* Begin PBXProject section */
		2D482AC6217C796000014225 /* Project object */ = {
			isa = PBXProject;
			attributes = {
				LastSwiftUpdateCheck = 1000;
				LastUpgradeCheck = 1000;
				ORGANIZATIONNAME = xiao;
				TargetAttributes = {
					2D482ACD217C796000014225 = {
						CreatedOnToolsVersion = 10.0;
					};
					2D482AE1217C796300014225 = {
						CreatedOnToolsVersion = 10.0;
						TestTargetID = 2D482ACD217C796000014225;
					};
					2D482AEC217C796300014225 = {
						CreatedOnToolsVersion = 10.0;
						TestTargetID = 2D482ACD217C796000014225;
					};
				};
			};
			buildConfigurationList = 2D482AC9217C796000014225 /* Build configuration list for PBXProject "SkeletonDemo" */;
			compatibilityVersion = "Xcode 9.3";
			developmentRegion = en;
			hasScannedForEncodings = 0;
			knownRegions = (
				en,
				Base,
			);
			mainGroup = 2D482AC5217C796000014225;
			productRefGroup = 2D482ACF217C796100014225 /* Products */;
			projectDirPath = "";
			projectRoot = "";
			targets = (
				2D482ACD217C796000014225 /* SkeletonDemo */,
				2D482AE1217C796300014225 /* SkeletonDemoTests */,
				2D482AEC217C796300014225 /* SkeletonDemoUITests */,
			);
		};
/* End PBXProject section */

/* Begin PBXResourcesBuildPhase section */
		2D482ACC217C796000014225 /* Resources */ = {
			isa = PBXResourcesBuildPhase;
			buildActionMask = 2147483647;
			files = (
				2D482ADC217C796300014225 /* LaunchScreen.storyboard in Resources */,
				2D482AD9217C796300014225 /* Assets.xcassets in Resources */,
				2D482AD7217C796100014225 /* Main.storyboard in Resources */,
			);
			runOnlyForDeploymentPostprocessing = 0;
		};
		2D482AE0217C796300014225 /* Resources */ = {
			isa = PBXResourcesBuildPhase;
			buildActionMask = 2147483647;
			files = (
			);
			runOnlyForDeploymentPostprocessing = 0;
		};
		2D482AEB217C796300014225 /* Resources */ = {
			isa = PBXResourcesBuildPhase;
			buildActionMask = 2147483647;
			files = (
			);
			runOnlyForDeploymentPostprocessing = 0;
		};
/* End PBXResourcesBuildPhase section */

/* Begin PBXShellScriptBuildPhase section */
		34889A0A23BEC709E58A4E0B /* [CP] Check Pods Manifest.lock */ = {
			isa = PBXShellScriptBuildPhase;
			buildActionMask = 2147483647;
			files = (
			);
			inputFileListPaths = (
			);
			inputPaths = (
				"${PODS_PODFILE_DIR_PATH}/Podfile.lock",
				"${PODS_ROOT}/Manifest.lock",
			);
			name = "[CP] Check Pods Manifest.lock";
			outputFileListPaths = (
			);
			outputPaths = (
				"$(DERIVED_FILE_DIR)/Pods-SkeletonDemo-checkManifestLockResult.txt",
			);
			runOnlyForDeploymentPostprocessing = 0;
			shellPath = /bin/sh;
			shellScript = "diff \"${PODS_PODFILE_DIR_PATH}/Podfile.lock\" \"${PODS_ROOT}/Manifest.lock\" > /dev/null\nif [ $? != 0 ] ; then\n    # print error to STDERR\n    echo \"error: The sandbox is not in sync with the Podfile.lock. Run 'pod install' or update your CocoaPods installation.\" >&2\n    exit 1\nfi\n# This output is used by Xcode 'outputs' to avoid re-running this script phase.\necho \"SUCCESS\" > \"${SCRIPT_OUTPUT_FILE_0}\"\n";
			showEnvVarsInLog = 0;
		};
/* End PBXShellScriptBuildPhase section */

/* Begin PBXSourcesBuildPhase section */
		2D482ACA217C796000014225 /* Sources */ = {
			isa = PBXSourcesBuildPhase;
			buildActionMask = 2147483647;
			files = (
				2D482AD4217C796100014225 /* ViewController.swift in Sources */,
				2D482B02217C7AE700014225 /* MyTableViewCell.swift in Sources */,
				2D482B00217C7AD300014225 /* HeadView.swift in Sources */,
				2D482AD2217C796100014225 /* AppDelegate.swift in Sources */,
			);
			runOnlyForDeploymentPostprocessing = 0;
		};
		2D482ADE217C796300014225 /* Sources */ = {
			isa = PBXSourcesBuildPhase;
			buildActionMask = 2147483647;
			files = (
				2D482AE7217C796300014225 /* SkeletonDemoTests.swift in Sources */,
			);
			runOnlyForDeploymentPostprocessing = 0;
		};
		2D482AE9217C796300014225 /* Sources */ = {
			isa = PBXSourcesBuildPhase;
			buildActionMask = 2147483647;
			files = (
				2D482AF2217C796300014225 /* SkeletonDemoUITests.swift in Sources */,
			);
			runOnlyForDeploymentPostprocessing = 0;
		};
/* End PBXSourcesBuildPhase section */

/* Begin PBXTargetDependency section */
		2D482AE4217C796300014225 /* PBXTargetDependency */ = {
			isa = PBXTargetDependency;
			target = 2D482ACD217C796000014225 /* SkeletonDemo */;
			targetProxy = 2D482AE3217C796300014225 /* PBXContainerItemProxy */;
		};
		2D482AEF217C796300014225 /* PBXTargetDependency */ = {
			isa = PBXTargetDependency;
			target = 2D482ACD217C796000014225 /* SkeletonDemo */;
			targetProxy = 2D482AEE217C796300014225 /* PBXContainerItemProxy */;
		};
/* End PBXTargetDependency section */

/* Begin PBXVariantGroup section */
		2D482AD5217C796100014225 /* Main.storyboard */ = {
			isa = PBXVariantGroup;
			children = (
				2D482AD6217C796100014225 /* Base */,
			);
			name = Main.storyboard;
			sourceTree = "<group>";
		};
		2D482ADA217C796300014225 /* LaunchScreen.storyboard */ = {
			isa = PBXVariantGroup;
			children = (
				2D482ADB217C796300014225 /* Base */,
			);
			name = LaunchScreen.storyboard;
			sourceTree = "<group>";
		};
/* End PBXVariantGroup section */

/* Begin XCBuildConfiguration section */
		2D482AF4217C796300014225 /* Debug */ = {
			isa = XCBuildConfiguration;
			buildSettings = {
				ALWAYS_SEARCH_USER_PATHS = NO;
				CLANG_ANALYZER_NONNULL = YES;
				CLANG_ANALYZER_NUMBER_OBJECT_CONVERSION = YES_AGGRESSIVE;
				CLANG_CXX_LANGUAGE_STANDARD = "gnu++14";
				CLANG_CXX_LIBRARY = "libc++";
				CLANG_ENABLE_MODULES = YES;
				CLANG_ENABLE_OBJC_ARC = YES;
				CLANG_ENABLE_OBJC_WEAK = YES;
				CLANG_WARN_BLOCK_CAPTURE_AUTORELEASING = YES;
				CLANG_WARN_BOOL_CONVERSION = YES;
				CLANG_WARN_COMMA = YES;
				CLANG_WARN_CONSTANT_CONVERSION = YES;
				CLANG_WARN_DEPRECATED_OBJC_IMPLEMENTATIONS = YES;
				CLANG_WARN_DIRECT_OBJC_ISA_USAGE = YES_ERROR;
				CLANG_WARN_DOCUMENTATION_COMMENTS = YES;
				CLANG_WARN_EMPTY_BODY = YES;
				CLANG_WARN_ENUM_CONVERSION = YES;
				CLANG_WARN_INFINITE_RECURSION = YES;
				CLANG_WARN_INT_CONVERSION = YES;
				CLANG_WARN_NON_LITERAL_NULL_CONVERSION = YES;
				CLANG_WARN_OBJC_IMPLICIT_RETAIN_SELF = YES;
				CLANG_WARN_OBJC_LITERAL_CONVERSION = YES;
				CLANG_WARN_OBJC_ROOT_CLASS = YES_ERROR;
				CLANG_WARN_RANGE_LOOP_ANALYSIS = YES;
				CLANG_WARN_STRICT_PROTOTYPES = YES;
				CLANG_WARN_SUSPICIOUS_MOVE = YES;
				CLANG_WARN_UNGUARDED_AVAILABILITY = YES_AGGRESSIVE;
				CLANG_WARN_UNREACHABLE_CODE = YES;
				CLANG_WARN__DUPLICATE_METHOD_MATCH = YES;
				CODE_SIGN_IDENTITY = "iPhone Developer";
				COPY_PHASE_STRIP = NO;
				DEBUG_INFORMATION_FORMAT = dwarf;
				ENABLE_STRICT_OBJC_MSGSEND = YES;
				ENABLE_TESTABILITY = YES;
				GCC_C_LANGUAGE_STANDARD = gnu11;
				GCC_DYNAMIC_NO_PIC = NO;
				GCC_NO_COMMON_BLOCKS = YES;
				GCC_OPTIMIZATION_LEVEL = 0;
				GCC_PREPROCESSOR_DEFINITIONS = (
					"DEBUG=1",
					"$(inherited)",
				);
				GCC_WARN_64_TO_32_BIT_CONVERSION = YES;
				GCC_WARN_ABOUT_RETURN_TYPE = YES_ERROR;
				GCC_WARN_UNDECLARED_SELECTOR = YES;
				GCC_WARN_UNINITIALIZED_AUTOS = YES_AGGRESSIVE;
				GCC_WARN_UNUSED_FUNCTION = YES;
				GCC_WARN_UNUSED_VARIABLE = YES;
				IPHONEOS_DEPLOYMENT_TARGET = 12.0;
				MTL_ENABLE_DEBUG_INFO = INCLUDE_SOURCE;
				MTL_FAST_MATH = YES;
				ONLY_ACTIVE_ARCH = YES;
				SDKROOT = iphoneos;
				SWIFT_ACTIVE_COMPILATION_CONDITIONS = DEBUG;
				SWIFT_OPTIMIZATION_LEVEL = "-Onone";
			};
			name = Debug;
		};
		2D482AF5217C796300014225 /* Release */ = {
			isa = XCBuildConfiguration;
			buildSettings = {
				ALWAYS_SEARCH_USER_PATHS = NO;
				CLANG_ANALYZER_NONNULL = YES;
				CLANG_ANALYZER_NUMBER_OBJECT_CONVERSION = YES_AGGRESSIVE;
				CLANG_CXX_LANGUAGE_STANDARD = "gnu++14";
				CLANG_CXX_LIBRARY = "libc++";
				CLANG_ENABLE_MODULES = YES;
				CLANG_ENABLE_OBJC_ARC = YES;
				CLANG_ENABLE_OBJC_WEAK = YES;
				CLANG_WARN_BLOCK_CAPTURE_AUTORELEASING = YES;
				CLANG_WARN_BOOL_CONVERSION = YES;
				CLANG_WARN_COMMA = YES;
				CLANG_WARN_CONSTANT_CONVERSION = YES;
				CLANG_WARN_DEPRECATED_OBJC_IMPLEMENTATIONS = YES;
				CLANG_WARN_DIRECT_OBJC_ISA_USAGE = YES_ERROR;
				CLANG_WARN_DOCUMENTATION_COMMENTS = YES;
				CLANG_WARN_EMPTY_BODY = YES;
				CLANG_WARN_ENUM_CONVERSION = YES;
				CLANG_WARN_INFINITE_RECURSION = YES;
				CLANG_WARN_INT_CONVERSION = YES;
				CLANG_WARN_NON_LITERAL_NULL_CONVERSION = YES;
				CLANG_WARN_OBJC_IMPLICIT_RETAIN_SELF = YES;
				CLANG_WARN_OBJC_LITERAL_CONVERSION = YES;
				CLANG_WARN_OBJC_ROOT_CLASS = YES_ERROR;
				CLANG_WARN_RANGE_LOOP_ANALYSIS = YES;
				CLANG_WARN_STRICT_PROTOTYPES = YES;
				CLANG_WARN_SUSPICIOUS_MOVE = YES;
				CLANG_WARN_UNGUARDED_AVAILABILITY = YES_AGGRESSIVE;
				CLANG_WARN_UNREACHABLE_CODE = YES;
				CLANG_WARN__DUPLICATE_METHOD_MATCH = YES;
				CODE_SIGN_IDENTITY = "iPhone Developer";
				COPY_PHASE_STRIP = NO;
				DEBUG_INFORMATION_FORMAT = "dwarf-with-dsym";
				ENABLE_NS_ASSERTIONS = NO;
				ENABLE_STRICT_OBJC_MSGSEND = YES;
				GCC_C_LANGUAGE_STANDARD = gnu11;
				GCC_NO_COMMON_BLOCKS = YES;
				GCC_WARN_64_TO_32_BIT_CONVERSION = YES;
				GCC_WARN_ABOUT_RETURN_TYPE = YES_ERROR;
				GCC_WARN_UNDECLARED_SELECTOR = YES;
				GCC_WARN_UNINITIALIZED_AUTOS = YES_AGGRESSIVE;
				GCC_WARN_UNUSED_FUNCTION = YES;
				GCC_WARN_UNUSED_VARIABLE = YES;
				IPHONEOS_DEPLOYMENT_TARGET = 12.0;
				MTL_ENABLE_DEBUG_INFO = NO;
				MTL_FAST_MATH = YES;
				SDKROOT = iphoneos;
				SWIFT_COMPILATION_MODE = wholemodule;
				SWIFT_OPTIMIZATION_LEVEL = "-O";
				VALIDATE_PRODUCT = YES;
			};
			name = Release;
		};
		2D482AF7217C796300014225 /* Debug */ = {
			isa = XCBuildConfiguration;
			baseConfigurationReference = EF0A33FBC292766099E0540D /* Pods-SkeletonDemo.debug.xcconfig */;
			buildSettings = {
				ASSETCATALOG_COMPILER_APPICON_NAME = AppIcon;
				CODE_SIGN_STYLE = Automatic;
				DEVELOPMENT_TEAM = 6ADV4ESJAH;
				INFOPLIST_FILE = SkeletonDemo/Info.plist;
				LD_RUNPATH_SEARCH_PATHS = (
					"$(inherited)",
					"@executable_path/Frameworks",
				);
				PRODUCT_BUNDLE_IDENTIFIER = swift.SkeletonDemo;
				PRODUCT_NAME = "$(TARGET_NAME)";
				SWIFT_VERSION = 4.2;
				TARGETED_DEVICE_FAMILY = "1,2";
			};
			name = Debug;
		};
		2D482AF8217C796300014225 /* Release */ = {
			isa = XCBuildConfiguration;
			baseConfigurationReference = BAA92E972CDF61B98E1C0134 /* Pods-SkeletonDemo.release.xcconfig */;
			buildSettings = {
				ASSETCATALOG_COMPILER_APPICON_NAME = AppIcon;
				CODE_SIGN_STYLE = Automatic;
				DEVELOPMENT_TEAM = 6ADV4ESJAH;
				INFOPLIST_FILE = SkeletonDemo/Info.plist;
				LD_RUNPATH_SEARCH_PATHS = (
					"$(inherited)",
					"@executable_path/Frameworks",
				);
				PRODUCT_BUNDLE_IDENTIFIER = swift.SkeletonDemo;
				PRODUCT_NAME = "$(TARGET_NAME)";
				SWIFT_VERSION = 4.2;
				TARGETED_DEVICE_FAMILY = "1,2";
			};
			name = Release;
		};
		2D482AFA217C796300014225 /* Debug */ = {
			isa = XCBuildConfiguration;
			buildSettings = {
				ALWAYS_EMBED_SWIFT_STANDARD_LIBRARIES = YES;
				BUNDLE_LOADER = "$(TEST_HOST)";
				CODE_SIGN_STYLE = Automatic;
				DEVELOPMENT_TEAM = 6ADV4ESJAH;
				INFOPLIST_FILE = SkeletonDemoTests/Info.plist;
				LD_RUNPATH_SEARCH_PATHS = (
					"$(inherited)",
					"@executable_path/Frameworks",
					"@loader_path/Frameworks",
				);
				PRODUCT_BUNDLE_IDENTIFIER = swift.SkeletonDemoTests;
				PRODUCT_NAME = "$(TARGET_NAME)";
				SWIFT_VERSION = 4.2;
				TARGETED_DEVICE_FAMILY = "1,2";
				TEST_HOST = "$(BUILT_PRODUCTS_DIR)/SkeletonDemo.app/SkeletonDemo";
			};
			name = Debug;
		};
		2D482AFB217C796300014225 /* Release */ = {
			isa = XCBuildConfiguration;
			buildSettings = {
				ALWAYS_EMBED_SWIFT_STANDARD_LIBRARIES = YES;
				BUNDLE_LOADER = "$(TEST_HOST)";
				CODE_SIGN_STYLE = Automatic;
				DEVELOPMENT_TEAM = 6ADV4ESJAH;
				INFOPLIST_FILE = SkeletonDemoTests/Info.plist;
				LD_RUNPATH_SEARCH_PATHS = (
					"$(inherited)",
					"@executable_path/Frameworks",
					"@loader_path/Frameworks",
				);
				PRODUCT_BUNDLE_IDENTIFIER = swift.SkeletonDemoTests;
				PRODUCT_NAME = "$(TARGET_NAME)";
				SWIFT_VERSION = 4.2;
				TARGETED_DEVICE_FAMILY = "1,2";
				TEST_HOST = "$(BUILT_PRODUCTS_DIR)/SkeletonDemo.app/SkeletonDemo";
			};
			name = Release;
		};
		2D482AFD217C796300014225 /* Debug */ = {
			isa = XCBuildConfiguration;
			buildSettings = {
				ALWAYS_EMBED_SWIFT_STANDARD_LIBRARIES = YES;
				CODE_SIGN_STYLE = Automatic;
				DEVELOPMENT_TEAM = 6ADV4ESJAH;
				INFOPLIST_FILE = SkeletonDemoUITests/Info.plist;
				LD_RUNPATH_SEARCH_PATHS = (
					"$(inherited)",
					"@executable_path/Frameworks",
					"@loader_path/Frameworks",
				);
				PRODUCT_BUNDLE_IDENTIFIER = swift.SkeletonDemoUITests;
				PRODUCT_NAME = "$(TARGET_NAME)";
				SWIFT_VERSION = 4.2;
				TARGETED_DEVICE_FAMILY = "1,2";
				TEST_TARGET_NAME = SkeletonDemo;
			};
			name = Debug;
		};
		2D482AFE217C796300014225 /* Release */ = {
			isa = XCBuildConfiguration;
			buildSettings = {
				ALWAYS_EMBED_SWIFT_STANDARD_LIBRARIES = YES;
				CODE_SIGN_STYLE = Automatic;
				DEVELOPMENT_TEAM = 6ADV4ESJAH;
				INFOPLIST_FILE = SkeletonDemoUITests/Info.plist;
				LD_RUNPATH_SEARCH_PATHS = (
					"$(inherited)",
					"@executable_path/Frameworks",
					"@loader_path/Frameworks",
				);
				PRODUCT_BUNDLE_IDENTIFIER = swift.SkeletonDemoUITests;
				PRODUCT_NAME = "$(TARGET_NAME)";
				SWIFT_VERSION = 4.2;
				TARGETED_DEVICE_FAMILY = "1,2";
				TEST_TARGET_NAME = SkeletonDemo;
			};
			name = Release;
		};
/* End XCBuildConfiguration section */

/* Begin XCConfigurationList section */
		2D482AC9217C796000014225 /* Build configuration list for PBXProject "SkeletonDemo" */ = {
			isa = XCConfigurationList;
			buildConfigurations = (
				2D482AF4217C796300014225 /* Debug */,
				2D482AF5217C796300014225 /* Release */,
			);
			defaultConfigurationIsVisible = 0;
			defaultConfigurationName = Release;
		};
		2D482AF6217C796300014225 /* Build configuration list for PBXNativeTarget "SkeletonDemo" */ = {
			isa = XCConfigurationList;
			buildConfigurations = (
				2D482AF7217C796300014225 /* Debug */,
				2D482AF8217C796300014225 /* Release */,
			);
			defaultConfigurationIsVisible = 0;
			defaultConfigurationName = Release;
		};
		2D482AF9217C796300014225 /* Build configuration list for PBXNativeTarget "SkeletonDemoTests" */ = {
			isa = XCConfigurationList;
			buildConfigurations = (
				2D482AFA217C796300014225 /* Debug */,
				2D482AFB217C796300014225 /* Release */,
			);
			defaultConfigurationIsVisible = 0;
			defaultConfigurationName = Release;
		};
		2D482AFC217C796300014225 /* Build configuration list for PBXNativeTarget "SkeletonDemoUITests" */ = {
			isa = XCConfigurationList;
			buildConfigurations = (
				2D482AFD217C796300014225 /* Debug */,
				2D482AFE217C796300014225 /* Release */,
			);
			defaultConfigurationIsVisible = 0;
			defaultConfigurationName = Release;
		};
/* End XCConfigurationList section */
	};
	rootObject = 2D482AC6217C796000014225 /* Project object */;
}
